
Microsoft Visual Studio Solution File, Format Version 11.00
# Visual Studio 2010
Project("{FAE04EC0-301F-11D3-BF4B-00C04F79EFBC}") = "Aug", "Assembly-CSharp-firstpass.csproj", "{39FBB0B0-DEC6-F569-199E-AE01417B6611}"
EndProject
Project("{FAE04EC0-301F-11D3-BF4B-00C04F79EFBC}") = "Aug", "Assembly-CSharp.csproj", "{6435ADAE-D6B2-D4EB-426B-8BA3592C2EDB}"
EndProject
Project("{FAE04EC0-301F-11D3-BF4B-00C04F79EFBC}") = "Aug", "Assembly-CSharp-Editor-firstpass.csproj", "{00FCDF22-9423-CC47-FC28-9FAB8EE80416}"
EndProject
Project("{FAE04EC0-301F-11D3-BF4B-00C04F79EFBC}") = "Aug", "Assembly-CSharp-Editor.csproj", "{50F56F43-9105-5C3D-2D41-49A5DDF9A1EE}"
EndProject
Global
	GlobalSection(SolutionConfigurationPlatforms) = preSolution
		Debug|Any CPU = Debug|Any CPU
		Release|Any CPU = Release|Any CPU
	EndGlobalSection
	GlobalSection(ProjectConfigurationPlatforms) = postSolution
		{39FBB0B0-DEC6-F569-199E-AE01417B6611}.Debug|Any CPU.ActiveCfg = Debug|Any CPU
		{39FBB0B0-DEC6-F569-199E-AE01417B6611}.Debug|Any CPU.Build.0 = Debug|Any CPU
		{39FBB0B0-DEC6-F569-199E-AE01417B6611}.Release|Any CPU.ActiveCfg = Release|Any CPU
		{39FBB0B0-DEC6-F569-199E-AE01417B6611}.Release|Any CPU.Build.0 = Release|Any CPU
		{6435ADAE-D6B2-D4EB-426B-8BA3592C2EDB}.Debug|Any CPU.ActiveCfg = Debug|Any CPU
		{6435ADAE-D6B2-D4EB-426B-8BA3592C2EDB}.Debug|Any CPU.Build.0 = Debug|Any CPU
		{6435ADAE-D6B2-D4EB-426B-8BA3592C2EDB}.Release|Any CPU.ActiveCfg = Release|Any CPU
		{6435ADAE-D6B2-D4EB-426B-8BA3592C2EDB}.Release|Any CPU.Build.0 = Release|Any CPU
		{00FCDF22-9423-CC47-FC28-9FAB8EE80416}.Debug|Any CPU.ActiveCfg = Debug|Any CPU
		{00FCDF22-9423-CC47-FC28-9FAB8EE80416}.Debug|Any CPU.Build.0 = Debug|Any CPU
		{00FCDF22-9423-CC47-FC28-9FAB8EE80416}.Release|Any CPU.ActiveCfg = Release|Any CPU
		{00FCDF22-9423-CC47-FC28-9FAB8EE80416}.Release|Any CPU.Build.0 = Release|Any CPU
		{50F56F43-9105-5C3D-2D41-49A5DDF9A1EE}.Debug|Any CPU.ActiveCfg = Debug|Any CPU
		{50F56F43-9105-5C3D-2D41-49A5DDF9A1EE}.Debug|Any CPU.Build.0 = Debug|Any CPU
		{50F56F43-9105-5C3D-2D41-49A5DDF9A1EE}.Release|Any CPU.ActiveCfg = Release|Any CPU
		{50F56F43-9105-5C3D-2D41-49A5DDF9A1EE}.Release|Any CPU.Build.0 = Release|Any CPU
	EndGlobalSection
	GlobalSection(SolutionProperties) = preSolution
		HideSolutionNode = FALSE
	EndGlobalSection
	GlobalSection(MonoDevelopProperties) = preSolution
		StartupItem = Assembly-CSharp.csproj
	EndGlobalSection
EndGlobal
